
Microsoft Visual Studio Solution File, Format Version 12.00
# Visual Studio 14
VisualStudioVersion = 14.0.25420.1
MinimumVisualStudioVersion = 10.0.40219.1
Project("{FAE04EC0-301F-11D3-BF4B-00C04F79EFBC}") = "GetTweets", "GetTweets\GetTweets.csproj", "{ACD89461-4061-4C85-8D27-4B540E1C9F5A}"
EndProject
Project("{FAE04EC0-301F-11D3-BF4B-00C04F79EFBC}") = "Models", "Models\Models.csproj", "{652D8301-E938-435D-B8D6-9A916AFF166D}"
EndProject
Global
	GlobalSection(SolutionConfigurationPlatforms) = preSolution
		Debug|Any CPU = Debug|Any CPU
		Release|Any CPU = Release|Any CPU
	EndGlobalSection
	GlobalSection(ProjectConfigurationPlatforms) = postSolution
		{ACD89461-4061-4C85-8D27-4B540E1C9F5A}.Debug|Any CPU.ActiveCfg = Debug|Any CPU
		{ACD89461-4061-4C85-8D27-4B540E1C9F5A}.Debug|Any CPU.Build.0 = Debug|Any CPU
		{ACD89461-4061-4C85-8D27-4B540E1C9F5A}.Release|Any CPU.ActiveCfg = Release|Any CPU
		{ACD89461-4061-4C85-8D27-4B540E1C9F5A}.Release|Any CPU.Build.0 = Release|Any CPU
		{652D8301-E938-435D-B8D6-9A916AFF166D}.Debug|Any CPU.ActiveCfg = Debug|Any CPU
		{652D8301-E938-435D-B8D6-9A916AFF166D}.Debug|Any CPU.Build.0 = Debug|Any CPU
		{652D8301-E938-435D-B8D6-9A916AFF166D}.Release|Any CPU.ActiveCfg = Release|Any CPU
		{652D8301-E938-435D-B8D6-9A916AFF166D}.Release|Any CPU.Build.0 = Release|Any CPU
	EndGlobalSection
	GlobalSection(SolutionProperties) = preSolution
		HideSolutionNode = FALSE
	EndGlobalSection
EndGlobal
